
Microsoft Visual Studio Solution File, Format Version 10.00
# Visual C++ Express 2008
Project("{8BC9CEB8-8B4A-11D0-8D11-00A0C91BC942}") = "game", "game\game_vc_2008.vcproj", "{6A4BFD5D-5398-403D-ABFC-24DF911DCD01}"
EndProject
Global
	GlobalSection(SolutionConfigurationPlatforms) = preSolution
		Debug|Win32 = Debug|Win32
		Release|Win32 = Release|Win32
	EndGlobalSection
	GlobalSection(ProjectConfigurationPlatforms) = postSolution
		{6A4BFD5D-5398-403D-ABFC-24DF911DCD01}.Debug|Win32.ActiveCfg = Debug|Win32
		{6A4BFD5D-5398-403D-ABFC-24DF911DCD01}.Debug|Win32.Build.0 = Debug|Win32
		{6A4BFD5D-5398-403D-ABFC-24DF911DCD01}.Release|Win32.ActiveCfg = Release|Win32
		{6A4BFD5D-5398-403D-ABFC-24DF911DCD01}.Release|Win32.Build.0 = Release|Win32
	EndGlobalSection
	GlobalSection(SolutionProperties) = preSolution
		HideSolutionNode = FALSE
	EndGlobalSection
EndGlobal
